
Microsoft Visual Studio Solution File, Format Version 12.00
Project("{FAE04EC0-301F-11D3-BF4B-00C04F79EFBC}") = "JQLBuilder", "JQLBuilder\JQLBuilder.csproj", "{3E794B9A-2F6A-4DDC-A1B6-C09ACD1831C8}"
EndProject
Project("{FAE04EC0-301F-11D3-BF4B-00C04F79EFBC}") = "JQLBuilder.Tests", "JQLBuilder.Tests\JQLBuilder.Tests.csproj", "{19AC8E20-14F9-4350-B106-6AADBFA75029}"
EndProject
Project("{2150E333-8FDC-42A3-9474-1A3956D46DE8}") = "Tests", "Tests", "{876FA309-CE1E-40EA-84A9-5AFDBA3E8076}"
EndProject
Project("{FAE04EC0-301F-11D3-BF4B-00C04F79EFBC}") = "JQLBuilder.API.Tests", "JQLBuilder.API.Tests\JQLBuilder.API.Tests.csproj", "{96FE0D2F-C673-4A39-812A-039E3D5E2CEF}"
EndProject
Global
	GlobalSection(SolutionConfigurationPlatforms) = preSolution
		Debug|Any CPU = Debug|Any CPU
		Release|Any CPU = Release|Any CPU
	EndGlobalSection
	GlobalSection(ProjectConfigurationPlatforms) = postSolution
		{3E794B9A-2F6A-4DDC-A1B6-C09ACD1831C8}.Debug|Any CPU.ActiveCfg = Debug|Any CPU
		{3E794B9A-2F6A-4DDC-A1B6-C09ACD1831C8}.Debug|Any CPU.Build.0 = Debug|Any CPU
		{3E794B9A-2F6A-4DDC-A1B6-C09ACD1831C8}.Release|Any CPU.ActiveCfg = Release|Any CPU
		{3E794B9A-2F6A-4DDC-A1B6-C09ACD1831C8}.Release|Any CPU.Build.0 = Release|Any CPU
		{19AC8E20-14F9-4350-B106-6AADBFA75029}.Debug|Any CPU.ActiveCfg = Debug|Any CPU
		{19AC8E20-14F9-4350-B106-6AADBFA75029}.Debug|Any CPU.Build.0 = Debug|Any CPU
		{19AC8E20-14F9-4350-B106-6AADBFA75029}.Release|Any CPU.ActiveCfg = Release|Any CPU
		{19AC8E20-14F9-4350-B106-6AADBFA75029}.Release|Any CPU.Build.0 = Release|Any CPU
		{96FE0D2F-C673-4A39-812A-039E3D5E2CEF}.Debug|Any CPU.ActiveCfg = Debug|Any CPU
		{96FE0D2F-C673-4A39-812A-039E3D5E2CEF}.Debug|Any CPU.Build.0 = Debug|Any CPU
		{96FE0D2F-C673-4A39-812A-039E3D5E2CEF}.Release|Any CPU.ActiveCfg = Release|Any CPU
		{96FE0D2F-C673-4A39-812A-039E3D5E2CEF}.Release|Any CPU.Build.0 = Release|Any CPU
	EndGlobalSection
	GlobalSection(NestedProjects) = preSolution
		{19AC8E20-14F9-4350-B106-6AADBFA75029} = {876FA309-CE1E-40EA-84A9-5AFDBA3E8076}
		{96FE0D2F-C673-4A39-812A-039E3D5E2CEF} = {876FA309-CE1E-40EA-84A9-5AFDBA3E8076}
	EndGlobalSection
EndGlobal
